{
  "name": "safemoon-app",
  "version": "0.0.1",
  "lockfileVersion": 2,
  "requires": true,
  "packages": {
    "": {
      "version": "0.0.1",
      "license": "MIT",
      "dependencies": {
        "set-interval-async": "^2.0.3"
      },
      "devDependencies": {
        "@ionic/core": "^5.3.2",
        "@stencil/core": "^2.0.1",
        "@stencil/store": "^1.4.1"
      }
    },
    "node_modules/@babel/runtime": {
      "version": "7.5.0",
      "resolved": "https://registry.npmjs.org/@babel/runtime/-/runtime-7.5.0.tgz",
      "integrity": "sha512-2xsuyZ0R0RBFwjgae5NpXk8FcfH4qovj5cEM5VEeB7KXnKqzaisIu2HSV/mCEISolJJuR4wkViUGYujA8MH9tw==",
      "dependencies": {
        "regenerator-runtime": "^0.13.2"
      }
    },
    "node_modules/@ionic/core": {
      "version": "5.6.5",
      "resolved": "https://registry.npmjs.org/@ionic/core/-/core-5.6.5.tgz",
      "integrity": "sha512-oMRWvSMN+S6XmPO867FnUkyDg2JtMBd9DEBtdf5ge4ectFZP6ePTSOXRGSS6t+dXuMPqonFPnukiDIxO3XIwlA==",
      "dev": true,
      "dependencies": {
        "@stencil/core": "^2.4.0",
        "ionicons": "^5.5.1",
        "tslib": "^2.1.0"
      }
    },
    "node_modules/@stencil/core": {
      "version": "2.5.2",
      "resolved": "https://registry.npmjs.org/@stencil/core/-/core-2.5.2.tgz",
      "integrity": "sha512-bgjPXkSzzg1WnTgVUm6m5ZzpKt602WmA/QljODAW1xVN40OHJdbGblzF/F6MFzqv2c5Cy30CB41arc8qADIdcQ==",
      "dev": true,
      "bin": {
        "stencil": "bin/stencil"
      },
      "engines": {
        "node": ">=12.10.0",
        "npm": ">=6.0.0"
      }
    },
    "node_modules/@stencil/store": {
      "version": "1.4.1",
      "resolved": "https://registry.npmjs.org/@stencil/store/-/store-1.4.1.tgz",
      "integrity": "sha512-kAtMblucNnDNfTpSqhN9jccExgFWmOe+4U98cXZJrg/6nozNtEd92pY6s3Jko7KUrZ+1MQJU2oLwwS8VuyK3Zg==",
      "dev": true,
      "peerDependencies": {
        "@stencil/core": ">=1.9.0"
      }
    },
    "node_modules/ionicons": {
      "version": "5.5.1",
      "resolved": "https://registry.npmjs.org/ionicons/-/ionicons-5.5.1.tgz",
      "integrity": "sha512-1auVisfaXmkmxINer8Q3kJGHP1vSxk86hf7By95eJ+Av9+oBcNuAEBfSe3jaMaGRVxVw8U/2j23MFq7R3c0HPg==",
      "dev": true,
      "dependencies": {
        "@stencil/core": "^2.5.0"
      }
    },
    "node_modules/regenerator-runtime": {
      "version": "0.13.7",
      "resolved": "https://registry.npmjs.org/regenerator-runtime/-/regenerator-runtime-0.13.7.tgz",
      "integrity": "sha512-a54FxoJDIr27pgf7IgeQGxmqUNYrcV338lf/6gH456HZ/PhX+5BcwHXG9ajESmwe6WRO0tAzRUrRmNONWgkrew=="
    },
    "node_modules/set-interval-async": {
      "version": "2.0.3",
      "resolved": "https://registry.npmjs.org/set-interval-async/-/set-interval-async-2.0.3.tgz",
      "integrity": "sha512-8jJgvnhQYQc+XHzyKuJ2g4/0h4jPcT/q3x9VURk+AZohRKpcggcueNhPbS7wOXnamgpAn/enbGl4OnWXurVafg==",
      "dependencies": {
        "@babel/runtime": "7.5.0"
      }
    },
    "node_modules/tslib": {
      "version": "2.2.0",
      "resolved": "https://registry.npmjs.org/tslib/-/tslib-2.2.0.tgz",
      "integrity": "sha512-gS9GVHRU+RGn5KQM2rllAlR3dU6m7AcpJKdtH8gFvQiC4Otgk98XnmMU+nZenHt/+VhnBPWwgrJsyrdcw6i23w==",
      "dev": true
    }
  },
  "dependencies": {
    "@babel/runtime": {
      "version": "7.5.0",
      "resolved": "https://registry.npmjs.org/@babel/runtime/-/runtime-7.5.0.tgz",
      "integrity": "sha512-2xsuyZ0R0RBFwjgae5NpXk8FcfH4qovj5cEM5VEeB7KXnKqzaisIu2HSV/mCEISolJJuR4wkViUGYujA8MH9tw==",
      "requires": {
        "regenerator-runtime": "^0.13.2"
      }
    },
    "@ionic/core": {
      "version": "5.6.5",
      "resolved": "https://registry.npmjs.org/@ionic/core/-/core-5.6.5.tgz",
      "integrity": "sha512-oMRWvSMN+S6XmPO867FnUkyDg2JtMBd9DEBtdf5ge4ectFZP6ePTSOXRGSS6t+dXuMPqonFPnukiDIxO3XIwlA==",
      "dev": true,
      "requires": {
        "@stencil/core": "^2.4.0",
        "ionicons": "^5.5.1",
        "tslib": "^2.1.0"
      }
    },
    "@stencil/core": {
      "version": "2.5.2",
      "resolved": "https://registry.npmjs.org/@stencil/core/-/core-2.5.2.tgz",
      "integrity": "sha512-bgjPXkSzzg1WnTgVUm6m5ZzpKt602WmA/QljODAW1xVN40OHJdbGblzF/F6MFzqv2c5Cy30CB41arc8qADIdcQ==",
      "dev": true
    },
    "@stencil/store": {
      "version": "1.4.1",
      "resolved": "https://registry.npmjs.org/@stencil/store/-/store-1.4.1.tgz",
      "integrity": "sha512-kAtMblucNnDNfTpSqhN9jccExgFWmOe+4U98cXZJrg/6nozNtEd92pY6s3Jko7KUrZ+1MQJU2oLwwS8VuyK3Zg==",
      "dev": true,
      "requires": {}
    },
    "ionicons": {
      "version": "5.5.1",
      "resolved": "https://registry.npmjs.org/ionicons/-/ionicons-5.5.1.tgz",
      "integrity": "sha512-1auVisfaXmkmxINer8Q3kJGHP1vSxk86hf7By95eJ+Av9+oBcNuAEBfSe3jaMaGRVxVw8U/2j23MFq7R3c0HPg==",
      "dev": true,
      "requires": {
        "@stencil/core": "^2.5.0"
      }
    },
    "regenerator-runtime": {
      "version": "0.13.7",
      "resolved": "https://registry.npmjs.org/regenerator-runtime/-/regenerator-runtime-0.13.7.tgz",
      "integrity": "sha512-a54FxoJDIr27pgf7IgeQGxmqUNYrcV338lf/6gH456HZ/PhX+5BcwHXG9ajESmwe6WRO0tAzRUrRmNONWgkrew=="
    },
    "set-interval-async": {
      "version": "2.0.3",
      "resolved": "https://registry.npmjs.org/set-interval-async/-/set-interval-async-2.0.3.tgz",
      "integrity": "sha512-8jJgvnhQYQc+XHzyKuJ2g4/0h4jPcT/q3x9VURk+AZohRKpcggcueNhPbS7wOXnamgpAn/enbGl4OnWXurVafg==",
      "requires": {
        "@babel/runtime": "7.5.0"
      }
    },
    "tslib": {
      "version": "2.2.0",
      "resolved": "https://registry.npmjs.org/tslib/-/tslib-2.2.0.tgz",
      "integrity": "sha512-gS9GVHRU+RGn5KQM2rllAlR3dU6m7AcpJKdtH8gFvQiC4Otgk98XnmMU+nZenHt/+VhnBPWwgrJsyrdcw6i23w==",
      "dev": true
    }
  }
}
